
Microsoft Visual Studio Solution File, Format Version 12.00
# Visual Studio 2013
VisualStudioVersion = 12.0.30110.0
MinimumVisualStudioVersion = 10.0.40219.1
Project("{FAE04EC0-301F-11D3-BF4B-00C04F79EFBC}") = "01.NumbersFromOneToN", "NumbersFromOneToN\01.NumbersFromOneToN.csproj", "{4D0D1108-BAF9-46A6-BA42-4FC8CE6CCA25}"
EndProject
Project("{FAE04EC0-301F-11D3-BF4B-00C04F79EFBC}") = "02.NotDividableByThreeAndSeven", "NotDividableByThreeAndSeven\02.NotDividableByThreeAndSeven.csproj", "{A8166E28-D5C5-413E-9034-CB8AB2FDBF19}"
EndProject
Project("{FAE04EC0-301F-11D3-BF4B-00C04F79EFBC}") = "03.MinMaxSumAverage", "MinMaxSumAverage\03.MinMaxSumAverage.csproj", "{955ABE9E-5115-4630-8DD6-E9114837DC7B}"
EndProject
Project("{FAE04EC0-301F-11D3-BF4B-00C04F79EFBC}") = "04.DeckOfCards", "DeckOfCards\04.DeckOfCards.csproj", "{9384E42F-A06F-4A92-8A8E-5345810E8D45}"
EndProject
Project("{FAE04EC0-301F-11D3-BF4B-00C04F79EFBC}") = "06.FactorialCalculations", "FactorialCalculations\06.FactorialCalculations.csproj", "{761316AC-9FA5-4FC0-AA38-BBF051D0DFBE}"
EndProject
Project("{FAE04EC0-301F-11D3-BF4B-00C04F79EFBC}") = "19.SpiralMatrix", "SpiralMatrix\19.SpiralMatrix.csproj", "{586D6EA8-45C7-43D5-AD6A-FBF252F19B79}"
EndProject
Project("{FAE04EC0-301F-11D3-BF4B-00C04F79EFBC}") = "05.FactorialPowCalculations", "FactorialPowCalculations\05.FactorialPowCalculations.csproj", "{C2A0954E-9B68-46FA-8631-F0EF9F837EA3}"
EndProject
Project("{FAE04EC0-301F-11D3-BF4B-00C04F79EFBC}") = "09.MatrixOfNumbers", "MatrixOfNumbers\09.MatrixOfNumbers.csproj", "{737EBB49-B1BD-437B-9537-972DDAB2F196}"
EndProject
Project("{FAE04EC0-301F-11D3-BF4B-00C04F79EFBC}") = "10.OddOrEvenProduct", "OddOrEvenProduct\10.OddOrEvenProduct.csproj", "{C352C991-242D-418C-9C0C-33ED9AFB3C01}"
EndProject
Project("{FAE04EC0-301F-11D3-BF4B-00C04F79EFBC}") = "07.FactorialCalculationsExt", "FactorialCalculationsExt\07.FactorialCalculationsExt.csproj", "{568C3474-1F56-4928-BA22-A621218C3C4E}"
EndProject
Project("{FAE04EC0-301F-11D3-BF4B-00C04F79EFBC}") = "08.CatalanNumbers", "CatalanNumbers\08.CatalanNumbers.csproj", "{E27E916D-325F-4E97-8BE5-AE72EBACA7CB}"
EndProject
Project("{FAE04EC0-301F-11D3-BF4B-00C04F79EFBC}") = "11.RandomNumbersInRange", "RandomNumbersInRange\11.RandomNumbersInRange.csproj", "{67D5E04C-3FDF-4E78-AFD3-B73B2310A8DB}"
EndProject
Project("{FAE04EC0-301F-11D3-BF4B-00C04F79EFBC}") = "12.RandomiseFromOneToN", "RandomiseFromOneToN\12.RandomiseFromOneToN.csproj", "{0041BC8C-1150-4AC4-A7C6-F64B434F5C5C}"
EndProject
Project("{FAE04EC0-301F-11D3-BF4B-00C04F79EFBC}") = "13.BinaryToDecimal", "BinaryToDecimal\13.BinaryToDecimal.csproj", "{9B4A77E6-D39F-4888-B922-AC81BC31DCC8}"
EndProject
Project("{FAE04EC0-301F-11D3-BF4B-00C04F79EFBC}") = "14.DecimalToBinary", "DecimalToBinary\14.DecimalToBinary.csproj", "{EBAD1C1D-3317-46E1-9791-19271BBA1664}"
EndProject
Project("{FAE04EC0-301F-11D3-BF4B-00C04F79EFBC}") = "15.HexadecimalToDecimal", "HexadecimalToDecimal\15.HexadecimalToDecimal.csproj", "{E91ADA97-0944-4E44-99B9-FB992CF117F6}"
EndProject
Project("{FAE04EC0-301F-11D3-BF4B-00C04F79EFBC}") = "18.TrailingZeroes", "TrailingZeroes\18.TrailingZeroes.csproj", "{33E5A49C-0157-4333-AC83-F1309F2BF028}"
EndProject
Project("{FAE04EC0-301F-11D3-BF4B-00C04F79EFBC}") = "17.GreatestCommonDivisor", "GreatestCommonDivisor\17.GreatestCommonDivisor.csproj", "{72B89156-4D23-41B5-8917-04794AF56857}"
EndProject
Project("{FAE04EC0-301F-11D3-BF4B-00C04F79EFBC}") = "16.DecimalToHexadecimal", "DecimalToHexadecimal\16.DecimalToHexadecimal.csproj", "{88A55E1D-73E4-4BE0-88C3-352A00B1C1DC}"
EndProject
Global
	GlobalSection(SolutionConfigurationPlatforms) = preSolution
		Debug|Any CPU = Debug|Any CPU
		Release|Any CPU = Release|Any CPU
	EndGlobalSection
	GlobalSection(ProjectConfigurationPlatforms) = postSolution
		{4D0D1108-BAF9-46A6-BA42-4FC8CE6CCA25}.Debug|Any CPU.ActiveCfg = Debug|Any CPU
		{4D0D1108-BAF9-46A6-BA42-4FC8CE6CCA25}.Debug|Any CPU.Build.0 = Debug|Any CPU
		{4D0D1108-BAF9-46A6-BA42-4FC8CE6CCA25}.Release|Any CPU.ActiveCfg = Release|Any CPU
		{4D0D1108-BAF9-46A6-BA42-4FC8CE6CCA25}.Release|Any CPU.Build.0 = Release|Any CPU
		{A8166E28-D5C5-413E-9034-CB8AB2FDBF19}.Debug|Any CPU.ActiveCfg = Debug|Any CPU
		{A8166E28-D5C5-413E-9034-CB8AB2FDBF19}.Debug|Any CPU.Build.0 = Debug|Any CPU
		{A8166E28-D5C5-413E-9034-CB8AB2FDBF19}.Release|Any CPU.ActiveCfg = Release|Any CPU
		{A8166E28-D5C5-413E-9034-CB8AB2FDBF19}.Release|Any CPU.Build.0 = Release|Any CPU
		{955ABE9E-5115-4630-8DD6-E9114837DC7B}.Debug|Any CPU.ActiveCfg = Debug|Any CPU
		{955ABE9E-5115-4630-8DD6-E9114837DC7B}.Debug|Any CPU.Build.0 = Debug|Any CPU
		{955ABE9E-5115-4630-8DD6-E9114837DC7B}.Release|Any CPU.ActiveCfg = Release|Any CPU
		{955ABE9E-5115-4630-8DD6-E9114837DC7B}.Release|Any CPU.Build.0 = Release|Any CPU
		{9384E42F-A06F-4A92-8A8E-5345810E8D45}.Debug|Any CPU.ActiveCfg = Debug|Any CPU
		{9384E42F-A06F-4A92-8A8E-5345810E8D45}.Debug|Any CPU.Build.0 = Debug|Any CPU
		{9384E42F-A06F-4A92-8A8E-5345810E8D45}.Release|Any CPU.ActiveCfg = Release|Any CPU
		{9384E42F-A06F-4A92-8A8E-5345810E8D45}.Release|Any CPU.Build.0 = Release|Any CPU
		{761316AC-9FA5-4FC0-AA38-BBF051D0DFBE}.Debug|Any CPU.ActiveCfg = Debug|Any CPU
		{761316AC-9FA5-4FC0-AA38-BBF051D0DFBE}.Debug|Any CPU.Build.0 = Debug|Any CPU
		{761316AC-9FA5-4FC0-AA38-BBF051D0DFBE}.Release|Any CPU.ActiveCfg = Release|Any CPU
		{761316AC-9FA5-4FC0-AA38-BBF051D0DFBE}.Release|Any CPU.Build.0 = Release|Any CPU
		{586D6EA8-45C7-43D5-AD6A-FBF252F19B79}.Debug|Any CPU.ActiveCfg = Debug|Any CPU
		{586D6EA8-45C7-43D5-AD6A-FBF252F19B79}.Debug|Any CPU.Build.0 = Debug|Any CPU
		{586D6EA8-45C7-43D5-AD6A-FBF252F19B79}.Release|Any CPU.ActiveCfg = Release|Any CPU
		{586D6EA8-45C7-43D5-AD6A-FBF252F19B79}.Release|Any CPU.Build.0 = Release|Any CPU
		{C2A0954E-9B68-46FA-8631-F0EF9F837EA3}.Debug|Any CPU.ActiveCfg = Debug|Any CPU
		{C2A0954E-9B68-46FA-8631-F0EF9F837EA3}.Debug|Any CPU.Build.0 = Debug|Any CPU
		{C2A0954E-9B68-46FA-8631-F0EF9F837EA3}.Release|Any CPU.ActiveCfg = Release|Any CPU
		{C2A0954E-9B68-46FA-8631-F0EF9F837EA3}.Release|Any CPU.Build.0 = Release|Any CPU
		{737EBB49-B1BD-437B-9537-972DDAB2F196}.Debug|Any CPU.ActiveCfg = Debug|Any CPU
		{737EBB49-B1BD-437B-9537-972DDAB2F196}.Debug|Any CPU.Build.0 = Debug|Any CPU
		{737EBB49-B1BD-437B-9537-972DDAB2F196}.Release|Any CPU.ActiveCfg = Release|Any CPU
		{737EBB49-B1BD-437B-9537-972DDAB2F196}.Release|Any CPU.Build.0 = Release|Any CPU
		{C352C991-242D-418C-9C0C-33ED9AFB3C01}.Debug|Any CPU.ActiveCfg = Debug|Any CPU
		{C352C991-242D-418C-9C0C-33ED9AFB3C01}.Debug|Any CPU.Build.0 = Debug|Any CPU
		{C352C991-242D-418C-9C0C-33ED9AFB3C01}.Release|Any CPU.ActiveCfg = Release|Any CPU
		{C352C991-242D-418C-9C0C-33ED9AFB3C01}.Release|Any CPU.Build.0 = Release|Any CPU
		{568C3474-1F56-4928-BA22-A621218C3C4E}.Debug|Any CPU.ActiveCfg = Debug|Any CPU
		{568C3474-1F56-4928-BA22-A621218C3C4E}.Debug|Any CPU.Build.0 = Debug|Any CPU
		{568C3474-1F56-4928-BA22-A621218C3C4E}.Release|Any CPU.ActiveCfg = Release|Any CPU
		{568C3474-1F56-4928-BA22-A621218C3C4E}.Release|Any CPU.Build.0 = Release|Any CPU
		{E27E916D-325F-4E97-8BE5-AE72EBACA7CB}.Debug|Any CPU.ActiveCfg = Debug|Any CPU
		{E27E916D-325F-4E97-8BE5-AE72EBACA7CB}.Debug|Any CPU.Build.0 = Debug|Any CPU
		{E27E916D-325F-4E97-8BE5-AE72EBACA7CB}.Release|Any CPU.ActiveCfg = Release|Any CPU
		{E27E916D-325F-4E97-8BE5-AE72EBACA7CB}.Release|Any CPU.Build.0 = Release|Any CPU
		{67D5E04C-3FDF-4E78-AFD3-B73B2310A8DB}.Debug|Any CPU.ActiveCfg = Debug|Any CPU
		{67D5E04C-3FDF-4E78-AFD3-B73B2310A8DB}.Debug|Any CPU.Build.0 = Debug|Any CPU
		{67D5E04C-3FDF-4E78-AFD3-B73B2310A8DB}.Release|Any CPU.ActiveCfg = Release|Any CPU
		{67D5E04C-3FDF-4E78-AFD3-B73B2310A8DB}.Release|Any CPU.Build.0 = Release|Any CPU
		{0041BC8C-1150-4AC4-A7C6-F64B434F5C5C}.Debug|Any CPU.ActiveCfg = Debug|Any CPU
		{0041BC8C-1150-4AC4-A7C6-F64B434F5C5C}.Debug|Any CPU.Build.0 = Debug|Any CPU
		{0041BC8C-1150-4AC4-A7C6-F64B434F5C5C}.Release|Any CPU.ActiveCfg = Release|Any CPU
		{0041BC8C-1150-4AC4-A7C6-F64B434F5C5C}.Release|Any CPU.Build.0 = Release|Any CPU
		{9B4A77E6-D39F-4888-B922-AC81BC31DCC8}.Debug|Any CPU.ActiveCfg = Debug|Any CPU
		{9B4A77E6-D39F-4888-B922-AC81BC31DCC8}.Debug|Any CPU.Build.0 = Debug|Any CPU
		{9B4A77E6-D39F-4888-B922-AC81BC31DCC8}.Release|Any CPU.ActiveCfg = Release|Any CPU
		{9B4A77E6-D39F-4888-B922-AC81BC31DCC8}.Release|Any CPU.Build.0 = Release|Any CPU
		{EBAD1C1D-3317-46E1-9791-19271BBA1664}.Debug|Any CPU.ActiveCfg = Debug|Any CPU
		{EBAD1C1D-3317-46E1-9791-19271BBA1664}.Debug|Any CPU.Build.0 = Debug|Any CPU
		{EBAD1C1D-3317-46E1-9791-19271BBA1664}.Release|Any CPU.ActiveCfg = Release|Any CPU
		{EBAD1C1D-3317-46E1-9791-19271BBA1664}.Release|Any CPU.Build.0 = Release|Any CPU
		{E91ADA97-0944-4E44-99B9-FB992CF117F6}.Debug|Any CPU.ActiveCfg = Debug|Any CPU
		{E91ADA97-0944-4E44-99B9-FB992CF117F6}.Debug|Any CPU.Build.0 = Debug|Any CPU
		{E91ADA97-0944-4E44-99B9-FB992CF117F6}.Release|Any CPU.ActiveCfg = Release|Any CPU
		{E91ADA97-0944-4E44-99B9-FB992CF117F6}.Release|Any CPU.Build.0 = Release|Any CPU
		{33E5A49C-0157-4333-AC83-F1309F2BF028}.Debug|Any CPU.ActiveCfg = Debug|Any CPU
		{33E5A49C-0157-4333-AC83-F1309F2BF028}.Debug|Any CPU.Build.0 = Debug|Any CPU
		{33E5A49C-0157-4333-AC83-F1309F2BF028}.Release|Any CPU.ActiveCfg = Release|Any CPU
		{33E5A49C-0157-4333-AC83-F1309F2BF028}.Release|Any CPU.Build.0 = Release|Any CPU
		{72B89156-4D23-41B5-8917-04794AF56857}.Debug|Any CPU.ActiveCfg = Debug|Any CPU
		{72B89156-4D23-41B5-8917-04794AF56857}.Debug|Any CPU.Build.0 = Debug|Any CPU
		{72B89156-4D23-41B5-8917-04794AF56857}.Release|Any CPU.ActiveCfg = Release|Any CPU
		{72B89156-4D23-41B5-8917-04794AF56857}.Release|Any CPU.Build.0 = Release|Any CPU
		{88A55E1D-73E4-4BE0-88C3-352A00B1C1DC}.Debug|Any CPU.ActiveCfg = Debug|Any CPU
		{88A55E1D-73E4-4BE0-88C3-352A00B1C1DC}.Debug|Any CPU.Build.0 = Debug|Any CPU
		{88A55E1D-73E4-4BE0-88C3-352A00B1C1DC}.Release|Any CPU.ActiveCfg = Release|Any CPU
		{88A55E1D-73E4-4BE0-88C3-352A00B1C1DC}.Release|Any CPU.Build.0 = Release|Any CPU
	EndGlobalSection
	GlobalSection(SolutionProperties) = preSolution
		HideSolutionNode = FALSE
	EndGlobalSection
EndGlobal
