
Microsoft Visual Studio Solution File, Format Version 12.00
# Visual Studio 2013
VisualStudioVersion = 12.0.30110.0
MinimumVisualStudioVersion = 10.0.40219.1
Project("{FAE04EC0-301F-11D3-BF4B-00C04F79EFBC}") = "01.NextDate", "NextDate\01.NextDate.csproj", "{8BB2BDA4-A141-4C4A-B329-7E996ACEC21F}"
EndProject
Project("{FAE04EC0-301F-11D3-BF4B-00C04F79EFBC}") = "02.TribonacciTriangle", "TribonacciTriangle\02.TribonacciTriangle.csproj", "{3F0BB318-B2E7-4CD2-A758-D81BB0502BE5}"
EndProject
Project("{FAE04EC0-301F-11D3-BF4B-00C04F79EFBC}") = "03.Sheets", "Sheets\03.Sheets.csproj", "{1C87391F-0991-4F2F-9A62-24CC6DB570D8}"
EndProject
Project("{FAE04EC0-301F-11D3-BF4B-00C04F79EFBC}") = "04.Carpets", "Carpets\04.Carpets.csproj", "{44344094-5AD2-4BAC-A5B6-7404F84358C1}"
EndProject
Project("{FAE04EC0-301F-11D3-BF4B-00C04F79EFBC}") = "05.SubsetSum", "SubsetSum\05.SubsetSum.csproj", "{317EE449-28CB-439C-A8C0-DCDCCBCBB655}"
EndProject
Project("{FAE04EC0-301F-11D3-BF4B-00C04F79EFBC}") = "05.FormulaOneBits", "FormulaOneBits\05.FormulaOneBits.csproj", "{30C0ED3C-765E-4EEA-9C01-CA1CFCAF9A68}"
EndProject
Global
	GlobalSection(SolutionConfigurationPlatforms) = preSolution
		Debug|Any CPU = Debug|Any CPU
		Release|Any CPU = Release|Any CPU
	EndGlobalSection
	GlobalSection(ProjectConfigurationPlatforms) = postSolution
		{8BB2BDA4-A141-4C4A-B329-7E996ACEC21F}.Debug|Any CPU.ActiveCfg = Debug|Any CPU
		{8BB2BDA4-A141-4C4A-B329-7E996ACEC21F}.Debug|Any CPU.Build.0 = Debug|Any CPU
		{8BB2BDA4-A141-4C4A-B329-7E996ACEC21F}.Release|Any CPU.ActiveCfg = Release|Any CPU
		{8BB2BDA4-A141-4C4A-B329-7E996ACEC21F}.Release|Any CPU.Build.0 = Release|Any CPU
		{3F0BB318-B2E7-4CD2-A758-D81BB0502BE5}.Debug|Any CPU.ActiveCfg = Debug|Any CPU
		{3F0BB318-B2E7-4CD2-A758-D81BB0502BE5}.Debug|Any CPU.Build.0 = Debug|Any CPU
		{3F0BB318-B2E7-4CD2-A758-D81BB0502BE5}.Release|Any CPU.ActiveCfg = Release|Any CPU
		{3F0BB318-B2E7-4CD2-A758-D81BB0502BE5}.Release|Any CPU.Build.0 = Release|Any CPU
		{1C87391F-0991-4F2F-9A62-24CC6DB570D8}.Debug|Any CPU.ActiveCfg = Debug|Any CPU
		{1C87391F-0991-4F2F-9A62-24CC6DB570D8}.Debug|Any CPU.Build.0 = Debug|Any CPU
		{1C87391F-0991-4F2F-9A62-24CC6DB570D8}.Release|Any CPU.ActiveCfg = Release|Any CPU
		{1C87391F-0991-4F2F-9A62-24CC6DB570D8}.Release|Any CPU.Build.0 = Release|Any CPU
		{44344094-5AD2-4BAC-A5B6-7404F84358C1}.Debug|Any CPU.ActiveCfg = Debug|Any CPU
		{44344094-5AD2-4BAC-A5B6-7404F84358C1}.Debug|Any CPU.Build.0 = Debug|Any CPU
		{44344094-5AD2-4BAC-A5B6-7404F84358C1}.Release|Any CPU.ActiveCfg = Release|Any CPU
		{44344094-5AD2-4BAC-A5B6-7404F84358C1}.Release|Any CPU.Build.0 = Release|Any CPU
		{317EE449-28CB-439C-A8C0-DCDCCBCBB655}.Debug|Any CPU.ActiveCfg = Debug|Any CPU
		{317EE449-28CB-439C-A8C0-DCDCCBCBB655}.Debug|Any CPU.Build.0 = Debug|Any CPU
		{317EE449-28CB-439C-A8C0-DCDCCBCBB655}.Release|Any CPU.ActiveCfg = Release|Any CPU
		{317EE449-28CB-439C-A8C0-DCDCCBCBB655}.Release|Any CPU.Build.0 = Release|Any CPU
		{30C0ED3C-765E-4EEA-9C01-CA1CFCAF9A68}.Debug|Any CPU.ActiveCfg = Debug|Any CPU
		{30C0ED3C-765E-4EEA-9C01-CA1CFCAF9A68}.Debug|Any CPU.Build.0 = Debug|Any CPU
		{30C0ED3C-765E-4EEA-9C01-CA1CFCAF9A68}.Release|Any CPU.ActiveCfg = Release|Any CPU
		{30C0ED3C-765E-4EEA-9C01-CA1CFCAF9A68}.Release|Any CPU.Build.0 = Release|Any CPU
	EndGlobalSection
	GlobalSection(SolutionProperties) = preSolution
		HideSolutionNode = FALSE
	EndGlobalSection
EndGlobal
