
Microsoft Visual Studio Solution File, Format Version 12.00
# Visual Studio 2013
VisualStudioVersion = 12.0.30501.0
MinimumVisualStudioVersion = 10.0.40219.1
Project("{FAE04EC0-301F-11D3-BF4B-00C04F79EFBC}") = "01-StringBuilderExtensions", "StringBuilderExtensions\01-StringBuilderExtensions.csproj", "{015CC04F-1CC3-4DA4-A48C-00BB6935BF1A}"
EndProject
Project("{FAE04EC0-301F-11D3-BF4B-00C04F79EFBC}") = "02-CustomLINQExtensionMethods", "CustomLINQExtensionMethods\02-CustomLINQExtensionMethods.csproj", "{E95F8465-D494-4FE2-A8E4-218177C26E0C}"
EndProject
Project("{FAE04EC0-301F-11D3-BF4B-00C04F79EFBC}") = "03-ClassStudent", "ClassStudent\03-ClassStudent.csproj", "{605D7B62-3D4C-4733-A85C-43F0706782E4}"
EndProject
Global
	GlobalSection(SolutionConfigurationPlatforms) = preSolution
		Debug|Any CPU = Debug|Any CPU
		Release|Any CPU = Release|Any CPU
	EndGlobalSection
	GlobalSection(ProjectConfigurationPlatforms) = postSolution
		{015CC04F-1CC3-4DA4-A48C-00BB6935BF1A}.Debug|Any CPU.ActiveCfg = Debug|Any CPU
		{015CC04F-1CC3-4DA4-A48C-00BB6935BF1A}.Debug|Any CPU.Build.0 = Debug|Any CPU
		{015CC04F-1CC3-4DA4-A48C-00BB6935BF1A}.Release|Any CPU.ActiveCfg = Release|Any CPU
		{015CC04F-1CC3-4DA4-A48C-00BB6935BF1A}.Release|Any CPU.Build.0 = Release|Any CPU
		{E95F8465-D494-4FE2-A8E4-218177C26E0C}.Debug|Any CPU.ActiveCfg = Debug|Any CPU
		{E95F8465-D494-4FE2-A8E4-218177C26E0C}.Debug|Any CPU.Build.0 = Debug|Any CPU
		{E95F8465-D494-4FE2-A8E4-218177C26E0C}.Release|Any CPU.ActiveCfg = Release|Any CPU
		{E95F8465-D494-4FE2-A8E4-218177C26E0C}.Release|Any CPU.Build.0 = Release|Any CPU
		{605D7B62-3D4C-4733-A85C-43F0706782E4}.Debug|Any CPU.ActiveCfg = Debug|Any CPU
		{605D7B62-3D4C-4733-A85C-43F0706782E4}.Debug|Any CPU.Build.0 = Debug|Any CPU
		{605D7B62-3D4C-4733-A85C-43F0706782E4}.Release|Any CPU.ActiveCfg = Release|Any CPU
		{605D7B62-3D4C-4733-A85C-43F0706782E4}.Release|Any CPU.Build.0 = Release|Any CPU
	EndGlobalSection
	GlobalSection(SolutionProperties) = preSolution
		HideSolutionNode = FALSE
	EndGlobalSection
EndGlobal
