
Microsoft Visual Studio Solution File, Format Version 12.00
# Visual Studio 2013
VisualStudioVersion = 12.0.30110.0
MinimumVisualStudioVersion = 10.0.40219.1
Project("{FAE04EC0-301F-11D3-BF4B-00C04F79EFBC}") = "04.OddNumber", "OddNumber\04.OddNumber.csproj", "{30145E77-3A6E-49DF-8F6E-E315AC42F2BF}"
EndProject
Project("{FAE04EC0-301F-11D3-BF4B-00C04F79EFBC}") = "01.MathExpression", "MathExpression\01.MathExpression.csproj", "{41CB5326-CA3B-44A3-8449-F7B4EE19DD25}"
EndProject
Global
	GlobalSection(SolutionConfigurationPlatforms) = preSolution
		Debug|Any CPU = Debug|Any CPU
		Release|Any CPU = Release|Any CPU
	EndGlobalSection
	GlobalSection(ProjectConfigurationPlatforms) = postSolution
		{30145E77-3A6E-49DF-8F6E-E315AC42F2BF}.Debug|Any CPU.ActiveCfg = Debug|Any CPU
		{30145E77-3A6E-49DF-8F6E-E315AC42F2BF}.Debug|Any CPU.Build.0 = Debug|Any CPU
		{30145E77-3A6E-49DF-8F6E-E315AC42F2BF}.Release|Any CPU.ActiveCfg = Release|Any CPU
		{30145E77-3A6E-49DF-8F6E-E315AC42F2BF}.Release|Any CPU.Build.0 = Release|Any CPU
		{41CB5326-CA3B-44A3-8449-F7B4EE19DD25}.Debug|Any CPU.ActiveCfg = Debug|Any CPU
		{41CB5326-CA3B-44A3-8449-F7B4EE19DD25}.Debug|Any CPU.Build.0 = Debug|Any CPU
		{41CB5326-CA3B-44A3-8449-F7B4EE19DD25}.Release|Any CPU.ActiveCfg = Release|Any CPU
		{41CB5326-CA3B-44A3-8449-F7B4EE19DD25}.Release|Any CPU.Build.0 = Release|Any CPU
	EndGlobalSection
	GlobalSection(SolutionProperties) = preSolution
		HideSolutionNode = FALSE
	EndGlobalSection
EndGlobal
