
Microsoft Visual Studio Solution File, Format Version 12.00
# Visual Studio 2013
VisualStudioVersion = 12.0.30110.0
MinimumVisualStudioVersion = 10.0.40219.1
Project("{FAE04EC0-301F-11D3-BF4B-00C04F79EFBC}") = "01.FighterAttack", "FighterAttack\01.FighterAttack.csproj", "{F7B2763C-E08C-468C-8A7C-EA811AB0EABD}"
EndProject
Project("{FAE04EC0-301F-11D3-BF4B-00C04F79EFBC}") = "02.AstrologicalDigit", "AstrologicalDigit\02.AstrologicalDigit.csproj", "{D6F9D4BF-61F0-4C8D-B4D7-CBDA07BC118F}"
EndProject
Project("{FAE04EC0-301F-11D3-BF4B-00C04F79EFBC}") = "04.DancingBits", "DancingBits\04.DancingBits.csproj", "{E64978B3-01EC-436F-8EF2-5EAED4914F0D}"
EndProject
Project("{FAE04EC0-301F-11D3-BF4B-00C04F79EFBC}") = "05.Lines", "Lines\05.Lines.csproj", "{F07ECB46-CF86-41B0-A77C-4FA6E62C2A1E}"
EndProject
Project("{FAE04EC0-301F-11D3-BF4B-00C04F79EFBC}") = "03.SandWatch", "SandWatch\03.SandWatch.csproj", "{1A951C53-9CE1-4F08-AB6C-06C191001A30}"
EndProject
Global
	GlobalSection(SolutionConfigurationPlatforms) = preSolution
		Debug|Any CPU = Debug|Any CPU
		Release|Any CPU = Release|Any CPU
	EndGlobalSection
	GlobalSection(ProjectConfigurationPlatforms) = postSolution
		{F7B2763C-E08C-468C-8A7C-EA811AB0EABD}.Debug|Any CPU.ActiveCfg = Debug|Any CPU
		{F7B2763C-E08C-468C-8A7C-EA811AB0EABD}.Debug|Any CPU.Build.0 = Debug|Any CPU
		{F7B2763C-E08C-468C-8A7C-EA811AB0EABD}.Release|Any CPU.ActiveCfg = Release|Any CPU
		{F7B2763C-E08C-468C-8A7C-EA811AB0EABD}.Release|Any CPU.Build.0 = Release|Any CPU
		{D6F9D4BF-61F0-4C8D-B4D7-CBDA07BC118F}.Debug|Any CPU.ActiveCfg = Debug|Any CPU
		{D6F9D4BF-61F0-4C8D-B4D7-CBDA07BC118F}.Debug|Any CPU.Build.0 = Debug|Any CPU
		{D6F9D4BF-61F0-4C8D-B4D7-CBDA07BC118F}.Release|Any CPU.ActiveCfg = Release|Any CPU
		{D6F9D4BF-61F0-4C8D-B4D7-CBDA07BC118F}.Release|Any CPU.Build.0 = Release|Any CPU
		{E64978B3-01EC-436F-8EF2-5EAED4914F0D}.Debug|Any CPU.ActiveCfg = Debug|Any CPU
		{E64978B3-01EC-436F-8EF2-5EAED4914F0D}.Debug|Any CPU.Build.0 = Debug|Any CPU
		{E64978B3-01EC-436F-8EF2-5EAED4914F0D}.Release|Any CPU.ActiveCfg = Release|Any CPU
		{E64978B3-01EC-436F-8EF2-5EAED4914F0D}.Release|Any CPU.Build.0 = Release|Any CPU
		{F07ECB46-CF86-41B0-A77C-4FA6E62C2A1E}.Debug|Any CPU.ActiveCfg = Debug|Any CPU
		{F07ECB46-CF86-41B0-A77C-4FA6E62C2A1E}.Debug|Any CPU.Build.0 = Debug|Any CPU
		{F07ECB46-CF86-41B0-A77C-4FA6E62C2A1E}.Release|Any CPU.ActiveCfg = Release|Any CPU
		{F07ECB46-CF86-41B0-A77C-4FA6E62C2A1E}.Release|Any CPU.Build.0 = Release|Any CPU
		{1A951C53-9CE1-4F08-AB6C-06C191001A30}.Debug|Any CPU.ActiveCfg = Debug|Any CPU
		{1A951C53-9CE1-4F08-AB6C-06C191001A30}.Debug|Any CPU.Build.0 = Debug|Any CPU
		{1A951C53-9CE1-4F08-AB6C-06C191001A30}.Release|Any CPU.ActiveCfg = Release|Any CPU
		{1A951C53-9CE1-4F08-AB6C-06C191001A30}.Release|Any CPU.Build.0 = Release|Any CPU
	EndGlobalSection
	GlobalSection(SolutionProperties) = preSolution
		HideSolutionNode = FALSE
	EndGlobalSection
EndGlobal
