
Microsoft Visual Studio Solution File, Format Version 12.00
# Visual Studio 2013
VisualStudioVersion = 12.0.30110.0
MinimumVisualStudioVersion = 10.0.40219.1
Project("{FAE04EC0-301F-11D3-BF4B-00C04F79EFBC}") = "01.ShipDamage", "ShipDamage\01.ShipDamage.csproj", "{3292D889-154F-42C4-B919-32501DD65E88}"
EndProject
Project("{FAE04EC0-301F-11D3-BF4B-00C04F79EFBC}") = "02.Tribonacci", "Tribonacci\02.Tribonacci.csproj", "{A6F843F8-6C2C-42A6-83EA-70931218E8C2}"
EndProject
Project("{FAE04EC0-301F-11D3-BF4B-00C04F79EFBC}") = "03.FirTree", "FirTree\03.FirTree.csproj", "{D3DB38B8-7090-4221-8129-0764D3316D29}"
EndProject
Project("{FAE04EC0-301F-11D3-BF4B-00C04F79EFBC}") = "04.WeAllLoveBits", "WeAllLoveBits\04.WeAllLoveBits.csproj", "{10EBE705-E3DE-47BC-90B0-41A52669C067}"
EndProject
Project("{FAE04EC0-301F-11D3-BF4B-00C04F79EFBC}") = "05.Pillars", "Pillars\05.Pillars.csproj", "{870D83B7-8F22-4321-8F2E-F54A6FB444B1}"
EndProject
Global
	GlobalSection(SolutionConfigurationPlatforms) = preSolution
		Debug|Any CPU = Debug|Any CPU
		Release|Any CPU = Release|Any CPU
	EndGlobalSection
	GlobalSection(ProjectConfigurationPlatforms) = postSolution
		{3292D889-154F-42C4-B919-32501DD65E88}.Debug|Any CPU.ActiveCfg = Debug|Any CPU
		{3292D889-154F-42C4-B919-32501DD65E88}.Debug|Any CPU.Build.0 = Debug|Any CPU
		{3292D889-154F-42C4-B919-32501DD65E88}.Release|Any CPU.ActiveCfg = Release|Any CPU
		{3292D889-154F-42C4-B919-32501DD65E88}.Release|Any CPU.Build.0 = Release|Any CPU
		{A6F843F8-6C2C-42A6-83EA-70931218E8C2}.Debug|Any CPU.ActiveCfg = Debug|Any CPU
		{A6F843F8-6C2C-42A6-83EA-70931218E8C2}.Debug|Any CPU.Build.0 = Debug|Any CPU
		{A6F843F8-6C2C-42A6-83EA-70931218E8C2}.Release|Any CPU.ActiveCfg = Release|Any CPU
		{A6F843F8-6C2C-42A6-83EA-70931218E8C2}.Release|Any CPU.Build.0 = Release|Any CPU
		{D3DB38B8-7090-4221-8129-0764D3316D29}.Debug|Any CPU.ActiveCfg = Debug|Any CPU
		{D3DB38B8-7090-4221-8129-0764D3316D29}.Debug|Any CPU.Build.0 = Debug|Any CPU
		{D3DB38B8-7090-4221-8129-0764D3316D29}.Release|Any CPU.ActiveCfg = Release|Any CPU
		{D3DB38B8-7090-4221-8129-0764D3316D29}.Release|Any CPU.Build.0 = Release|Any CPU
		{10EBE705-E3DE-47BC-90B0-41A52669C067}.Debug|Any CPU.ActiveCfg = Debug|Any CPU
		{10EBE705-E3DE-47BC-90B0-41A52669C067}.Debug|Any CPU.Build.0 = Debug|Any CPU
		{10EBE705-E3DE-47BC-90B0-41A52669C067}.Release|Any CPU.ActiveCfg = Release|Any CPU
		{10EBE705-E3DE-47BC-90B0-41A52669C067}.Release|Any CPU.Build.0 = Release|Any CPU
		{870D83B7-8F22-4321-8F2E-F54A6FB444B1}.Debug|Any CPU.ActiveCfg = Debug|Any CPU
		{870D83B7-8F22-4321-8F2E-F54A6FB444B1}.Debug|Any CPU.Build.0 = Debug|Any CPU
		{870D83B7-8F22-4321-8F2E-F54A6FB444B1}.Release|Any CPU.ActiveCfg = Release|Any CPU
		{870D83B7-8F22-4321-8F2E-F54A6FB444B1}.Release|Any CPU.Build.0 = Release|Any CPU
	EndGlobalSection
	GlobalSection(SolutionProperties) = preSolution
		HideSolutionNode = FALSE
	EndGlobalSection
EndGlobal
