
Microsoft Visual Studio Solution File, Format Version 12.00
# Visual Studio 2013
VisualStudioVersion = 12.0.30110.0
MinimumVisualStudioVersion = 10.0.40219.1
Project("{FAE04EC0-301F-11D3-BF4B-00C04F79EFBC}") = "04.HelloCSharp", "HelloCSharp\04.HelloCSharp.csproj", "{4E62D092-391F-4644-8B68-87C375BE2A40}"
EndProject
Project("{FAE04EC0-301F-11D3-BF4B-00C04F79EFBC}") = "10.ReformatCode", "ReformatCode\10.ReformatCode.csproj", "{F225C4C7-BB86-434B-9CEF-8E44DF040DE6}"
EndProject
Project("{FAE04EC0-301F-11D3-BF4B-00C04F79EFBC}") = "05.PrintMyName", "PrintMyName\05.PrintMyName.csproj", "{32C1D406-62BD-468C-AB83-D5D290084777}"
EndProject
Project("{FAE04EC0-301F-11D3-BF4B-00C04F79EFBC}") = "06.PrintSomeNumbers", "PrintSomeNumbers\06.PrintSomeNumbers.csproj", "{A27448F7-2684-4D2F-8EB4-81146A335321}"
EndProject
Project("{FAE04EC0-301F-11D3-BF4B-00C04F79EFBC}") = "07.PrinMyFullName", "PrinMyFullName\07.PrinMyFullName.csproj", "{FA4194DE-A274-4F2E-B8E4-FE223536DD3E}"
EndProject
Project("{FAE04EC0-301F-11D3-BF4B-00C04F79EFBC}") = "08.FindSquareRoot", "FindSquareRoot\08.FindSquareRoot.csproj", "{472883B4-60E3-4BCE-9CBA-9E274F870427}"
EndProject
Project("{FAE04EC0-301F-11D3-BF4B-00C04F79EFBC}") = "14.CurrentDate", "CurrentDate\14.CurrentDate.csproj", "{0BD67B13-3D38-40CE-ABC6-C601B850A5C9}"
EndProject
Project("{FAE04EC0-301F-11D3-BF4B-00C04F79EFBC}") = "15.AgeAfterTenYears", "DateAfterTenYears\15.AgeAfterTenYears.csproj", "{357F0A6F-9271-40E4-AC97-5D19B273A9C5}"
EndProject
Project("{FAE04EC0-301F-11D3-BF4B-00C04F79EFBC}") = "16.FirstThousandMembersOfSequence", "FirstThousandMembersOfSequence\16.FirstThousandMembersOfSequence.csproj", "{A88A7603-970B-4C1D-9C84-A6007C928859}"
EndProject
Project("{FAE04EC0-301F-11D3-BF4B-00C04F79EFBC}") = "17.PrintNumbersToThousand", "PrintNumbersToThousand\17.PrintNumbersToThousand.csproj", "{740BCAE0-29B2-4123-B049-AA6910DA41C8}"
EndProject
Project("{FAE04EC0-301F-11D3-BF4B-00C04F79EFBC}") = "09.PrintFirstTenMembersOfSequence", "PrintFirstTenMembersOfSequence\09.PrintFirstTenMembersOfSequence.csproj", "{210E29DB-3345-41CC-8EE9-5A538279353A}"
EndProject
Global
	GlobalSection(SolutionConfigurationPlatforms) = preSolution
		Debug|Any CPU = Debug|Any CPU
		Release|Any CPU = Release|Any CPU
	EndGlobalSection
	GlobalSection(ProjectConfigurationPlatforms) = postSolution
		{4E62D092-391F-4644-8B68-87C375BE2A40}.Debug|Any CPU.ActiveCfg = Debug|Any CPU
		{4E62D092-391F-4644-8B68-87C375BE2A40}.Debug|Any CPU.Build.0 = Debug|Any CPU
		{4E62D092-391F-4644-8B68-87C375BE2A40}.Release|Any CPU.ActiveCfg = Release|Any CPU
		{4E62D092-391F-4644-8B68-87C375BE2A40}.Release|Any CPU.Build.0 = Release|Any CPU
		{F225C4C7-BB86-434B-9CEF-8E44DF040DE6}.Debug|Any CPU.ActiveCfg = Debug|Any CPU
		{F225C4C7-BB86-434B-9CEF-8E44DF040DE6}.Debug|Any CPU.Build.0 = Debug|Any CPU
		{F225C4C7-BB86-434B-9CEF-8E44DF040DE6}.Release|Any CPU.ActiveCfg = Release|Any CPU
		{F225C4C7-BB86-434B-9CEF-8E44DF040DE6}.Release|Any CPU.Build.0 = Release|Any CPU
		{32C1D406-62BD-468C-AB83-D5D290084777}.Debug|Any CPU.ActiveCfg = Debug|Any CPU
		{32C1D406-62BD-468C-AB83-D5D290084777}.Debug|Any CPU.Build.0 = Debug|Any CPU
		{32C1D406-62BD-468C-AB83-D5D290084777}.Release|Any CPU.ActiveCfg = Release|Any CPU
		{32C1D406-62BD-468C-AB83-D5D290084777}.Release|Any CPU.Build.0 = Release|Any CPU
		{A27448F7-2684-4D2F-8EB4-81146A335321}.Debug|Any CPU.ActiveCfg = Debug|Any CPU
		{A27448F7-2684-4D2F-8EB4-81146A335321}.Debug|Any CPU.Build.0 = Debug|Any CPU
		{A27448F7-2684-4D2F-8EB4-81146A335321}.Release|Any CPU.ActiveCfg = Release|Any CPU
		{A27448F7-2684-4D2F-8EB4-81146A335321}.Release|Any CPU.Build.0 = Release|Any CPU
		{FA4194DE-A274-4F2E-B8E4-FE223536DD3E}.Debug|Any CPU.ActiveCfg = Debug|Any CPU
		{FA4194DE-A274-4F2E-B8E4-FE223536DD3E}.Debug|Any CPU.Build.0 = Debug|Any CPU
		{FA4194DE-A274-4F2E-B8E4-FE223536DD3E}.Release|Any CPU.ActiveCfg = Release|Any CPU
		{FA4194DE-A274-4F2E-B8E4-FE223536DD3E}.Release|Any CPU.Build.0 = Release|Any CPU
		{472883B4-60E3-4BCE-9CBA-9E274F870427}.Debug|Any CPU.ActiveCfg = Debug|Any CPU
		{472883B4-60E3-4BCE-9CBA-9E274F870427}.Debug|Any CPU.Build.0 = Debug|Any CPU
		{472883B4-60E3-4BCE-9CBA-9E274F870427}.Release|Any CPU.ActiveCfg = Release|Any CPU
		{472883B4-60E3-4BCE-9CBA-9E274F870427}.Release|Any CPU.Build.0 = Release|Any CPU
		{0BD67B13-3D38-40CE-ABC6-C601B850A5C9}.Debug|Any CPU.ActiveCfg = Debug|Any CPU
		{0BD67B13-3D38-40CE-ABC6-C601B850A5C9}.Debug|Any CPU.Build.0 = Debug|Any CPU
		{0BD67B13-3D38-40CE-ABC6-C601B850A5C9}.Release|Any CPU.ActiveCfg = Release|Any CPU
		{0BD67B13-3D38-40CE-ABC6-C601B850A5C9}.Release|Any CPU.Build.0 = Release|Any CPU
		{357F0A6F-9271-40E4-AC97-5D19B273A9C5}.Debug|Any CPU.ActiveCfg = Debug|Any CPU
		{357F0A6F-9271-40E4-AC97-5D19B273A9C5}.Debug|Any CPU.Build.0 = Debug|Any CPU
		{357F0A6F-9271-40E4-AC97-5D19B273A9C5}.Release|Any CPU.ActiveCfg = Release|Any CPU
		{357F0A6F-9271-40E4-AC97-5D19B273A9C5}.Release|Any CPU.Build.0 = Release|Any CPU
		{A88A7603-970B-4C1D-9C84-A6007C928859}.Debug|Any CPU.ActiveCfg = Debug|Any CPU
		{A88A7603-970B-4C1D-9C84-A6007C928859}.Debug|Any CPU.Build.0 = Debug|Any CPU
		{A88A7603-970B-4C1D-9C84-A6007C928859}.Release|Any CPU.ActiveCfg = Release|Any CPU
		{A88A7603-970B-4C1D-9C84-A6007C928859}.Release|Any CPU.Build.0 = Release|Any CPU
		{740BCAE0-29B2-4123-B049-AA6910DA41C8}.Debug|Any CPU.ActiveCfg = Debug|Any CPU
		{740BCAE0-29B2-4123-B049-AA6910DA41C8}.Debug|Any CPU.Build.0 = Debug|Any CPU
		{740BCAE0-29B2-4123-B049-AA6910DA41C8}.Release|Any CPU.ActiveCfg = Release|Any CPU
		{740BCAE0-29B2-4123-B049-AA6910DA41C8}.Release|Any CPU.Build.0 = Release|Any CPU
		{210E29DB-3345-41CC-8EE9-5A538279353A}.Debug|Any CPU.ActiveCfg = Debug|Any CPU
		{210E29DB-3345-41CC-8EE9-5A538279353A}.Debug|Any CPU.Build.0 = Debug|Any CPU
		{210E29DB-3345-41CC-8EE9-5A538279353A}.Release|Any CPU.ActiveCfg = Release|Any CPU
		{210E29DB-3345-41CC-8EE9-5A538279353A}.Release|Any CPU.Build.0 = Release|Any CPU
	EndGlobalSection
	GlobalSection(SolutionProperties) = preSolution
		HideSolutionNode = FALSE
	EndGlobalSection
EndGlobal
