
Microsoft Visual Studio Solution File, Format Version 12.00
# Visual Studio 2013
VisualStudioVersion = 12.0.30110.0
MinimumVisualStudioVersion = 10.0.40219.1
Project("{FAE04EC0-301F-11D3-BF4B-00C04F79EFBC}") = "01.ExchangeIfGreater", "ExchangeIfGreater\01.ExchangeIfGreater.csproj", "{855BC816-A1D2-41E7-9FF5-DC76CFFECA63}"
EndProject
Project("{FAE04EC0-301F-11D3-BF4B-00C04F79EFBC}") = "02.BonusScore", "BonusScore\02.BonusScore.csproj", "{8A325B05-429F-436A-9093-95C84F0D70D8}"
EndProject
Project("{FAE04EC0-301F-11D3-BF4B-00C04F79EFBC}") = "03.CheckForPlayCard", "CheckForPlayCard\03.CheckForPlayCard.csproj", "{A99639E1-43BD-47E0-976D-2D1900E2B41F}"
EndProject
Project("{FAE04EC0-301F-11D3-BF4B-00C04F79EFBC}") = "04.MultiplicationSign", "MultiplicationSign\04.MultiplicationSign.csproj", "{345B95A3-0D17-4EB1-94CC-23C4347112A5}"
EndProject
Project("{FAE04EC0-301F-11D3-BF4B-00C04F79EFBC}") = "05.BiggestOfThreeNumbers", "BiggestOfThreeNumbers\05.BiggestOfThreeNumbers.csproj", "{B663BD64-1000-4493-8499-D5A022815FAA}"
EndProject
Project("{FAE04EC0-301F-11D3-BF4B-00C04F79EFBC}") = "06.BiggestOfFiveStatements", "BiggestOfFiveStatements\06.BiggestOfFiveStatements.csproj", "{EC201C42-C1D2-4F11-BE47-1F17FB2FE1B8}"
EndProject
Project("{FAE04EC0-301F-11D3-BF4B-00C04F79EFBC}") = "07.SortThreeNumbersWithNestedIfs", "SortThreeNumbersWithNestedIfs\07.SortThreeNumbersWithNestedIfs.csproj", "{D22F85DE-F57B-4304-BB5D-AEE2A181211F}"
EndProject
Project("{FAE04EC0-301F-11D3-BF4B-00C04F79EFBC}") = "08.DigitAsWord", "DigitAsWord\08.DigitAsWord.csproj", "{6C3A859E-C7A3-4BC2-9FFD-0723528F5BDA}"
EndProject
Project("{FAE04EC0-301F-11D3-BF4B-00C04F79EFBC}") = "09.IntDoubleString", "IntDoubleString\09.IntDoubleString.csproj", "{058E0131-F7DC-46E5-8239-9E3D47912253}"
EndProject
Project("{FAE04EC0-301F-11D3-BF4B-00C04F79EFBC}") = "10.BeerTime", "BeerTime\10.BeerTime.csproj", "{3A05B9A3-BA11-4588-8134-561E1D171FBF}"
EndProject
Project("{FAE04EC0-301F-11D3-BF4B-00C04F79EFBC}") = "12.ZeroSubsets", "ZeroSubsets\12.ZeroSubsets.csproj", "{FB54E656-EE22-4F3E-A751-76761F8C72A7}"
EndProject
Project("{FAE04EC0-301F-11D3-BF4B-00C04F79EFBC}") = "11.NumbersAsWords", "NumbersAsWords\11.NumbersAsWords.csproj", "{22353EF0-A365-4919-B11D-E02203BC8DF4}"
EndProject
Global
	GlobalSection(SolutionConfigurationPlatforms) = preSolution
		Debug|Any CPU = Debug|Any CPU
		Release|Any CPU = Release|Any CPU
	EndGlobalSection
	GlobalSection(ProjectConfigurationPlatforms) = postSolution
		{855BC816-A1D2-41E7-9FF5-DC76CFFECA63}.Debug|Any CPU.ActiveCfg = Debug|Any CPU
		{855BC816-A1D2-41E7-9FF5-DC76CFFECA63}.Debug|Any CPU.Build.0 = Debug|Any CPU
		{855BC816-A1D2-41E7-9FF5-DC76CFFECA63}.Release|Any CPU.ActiveCfg = Release|Any CPU
		{855BC816-A1D2-41E7-9FF5-DC76CFFECA63}.Release|Any CPU.Build.0 = Release|Any CPU
		{8A325B05-429F-436A-9093-95C84F0D70D8}.Debug|Any CPU.ActiveCfg = Debug|Any CPU
		{8A325B05-429F-436A-9093-95C84F0D70D8}.Debug|Any CPU.Build.0 = Debug|Any CPU
		{8A325B05-429F-436A-9093-95C84F0D70D8}.Release|Any CPU.ActiveCfg = Release|Any CPU
		{8A325B05-429F-436A-9093-95C84F0D70D8}.Release|Any CPU.Build.0 = Release|Any CPU
		{A99639E1-43BD-47E0-976D-2D1900E2B41F}.Debug|Any CPU.ActiveCfg = Debug|Any CPU
		{A99639E1-43BD-47E0-976D-2D1900E2B41F}.Debug|Any CPU.Build.0 = Debug|Any CPU
		{A99639E1-43BD-47E0-976D-2D1900E2B41F}.Release|Any CPU.ActiveCfg = Release|Any CPU
		{A99639E1-43BD-47E0-976D-2D1900E2B41F}.Release|Any CPU.Build.0 = Release|Any CPU
		{345B95A3-0D17-4EB1-94CC-23C4347112A5}.Debug|Any CPU.ActiveCfg = Debug|Any CPU
		{345B95A3-0D17-4EB1-94CC-23C4347112A5}.Debug|Any CPU.Build.0 = Debug|Any CPU
		{345B95A3-0D17-4EB1-94CC-23C4347112A5}.Release|Any CPU.ActiveCfg = Release|Any CPU
		{345B95A3-0D17-4EB1-94CC-23C4347112A5}.Release|Any CPU.Build.0 = Release|Any CPU
		{B663BD64-1000-4493-8499-D5A022815FAA}.Debug|Any CPU.ActiveCfg = Debug|Any CPU
		{B663BD64-1000-4493-8499-D5A022815FAA}.Debug|Any CPU.Build.0 = Debug|Any CPU
		{B663BD64-1000-4493-8499-D5A022815FAA}.Release|Any CPU.ActiveCfg = Release|Any CPU
		{B663BD64-1000-4493-8499-D5A022815FAA}.Release|Any CPU.Build.0 = Release|Any CPU
		{EC201C42-C1D2-4F11-BE47-1F17FB2FE1B8}.Debug|Any CPU.ActiveCfg = Debug|Any CPU
		{EC201C42-C1D2-4F11-BE47-1F17FB2FE1B8}.Debug|Any CPU.Build.0 = Debug|Any CPU
		{EC201C42-C1D2-4F11-BE47-1F17FB2FE1B8}.Release|Any CPU.ActiveCfg = Release|Any CPU
		{EC201C42-C1D2-4F11-BE47-1F17FB2FE1B8}.Release|Any CPU.Build.0 = Release|Any CPU
		{D22F85DE-F57B-4304-BB5D-AEE2A181211F}.Debug|Any CPU.ActiveCfg = Debug|Any CPU
		{D22F85DE-F57B-4304-BB5D-AEE2A181211F}.Debug|Any CPU.Build.0 = Debug|Any CPU
		{D22F85DE-F57B-4304-BB5D-AEE2A181211F}.Release|Any CPU.ActiveCfg = Release|Any CPU
		{D22F85DE-F57B-4304-BB5D-AEE2A181211F}.Release|Any CPU.Build.0 = Release|Any CPU
		{6C3A859E-C7A3-4BC2-9FFD-0723528F5BDA}.Debug|Any CPU.ActiveCfg = Debug|Any CPU
		{6C3A859E-C7A3-4BC2-9FFD-0723528F5BDA}.Debug|Any CPU.Build.0 = Debug|Any CPU
		{6C3A859E-C7A3-4BC2-9FFD-0723528F5BDA}.Release|Any CPU.ActiveCfg = Release|Any CPU
		{6C3A859E-C7A3-4BC2-9FFD-0723528F5BDA}.Release|Any CPU.Build.0 = Release|Any CPU
		{058E0131-F7DC-46E5-8239-9E3D47912253}.Debug|Any CPU.ActiveCfg = Debug|Any CPU
		{058E0131-F7DC-46E5-8239-9E3D47912253}.Debug|Any CPU.Build.0 = Debug|Any CPU
		{058E0131-F7DC-46E5-8239-9E3D47912253}.Release|Any CPU.ActiveCfg = Release|Any CPU
		{058E0131-F7DC-46E5-8239-9E3D47912253}.Release|Any CPU.Build.0 = Release|Any CPU
		{3A05B9A3-BA11-4588-8134-561E1D171FBF}.Debug|Any CPU.ActiveCfg = Debug|Any CPU
		{3A05B9A3-BA11-4588-8134-561E1D171FBF}.Debug|Any CPU.Build.0 = Debug|Any CPU
		{3A05B9A3-BA11-4588-8134-561E1D171FBF}.Release|Any CPU.ActiveCfg = Release|Any CPU
		{3A05B9A3-BA11-4588-8134-561E1D171FBF}.Release|Any CPU.Build.0 = Release|Any CPU
		{FB54E656-EE22-4F3E-A751-76761F8C72A7}.Debug|Any CPU.ActiveCfg = Debug|Any CPU
		{FB54E656-EE22-4F3E-A751-76761F8C72A7}.Debug|Any CPU.Build.0 = Debug|Any CPU
		{FB54E656-EE22-4F3E-A751-76761F8C72A7}.Release|Any CPU.ActiveCfg = Release|Any CPU
		{FB54E656-EE22-4F3E-A751-76761F8C72A7}.Release|Any CPU.Build.0 = Release|Any CPU
		{22353EF0-A365-4919-B11D-E02203BC8DF4}.Debug|Any CPU.ActiveCfg = Debug|Any CPU
		{22353EF0-A365-4919-B11D-E02203BC8DF4}.Debug|Any CPU.Build.0 = Debug|Any CPU
		{22353EF0-A365-4919-B11D-E02203BC8DF4}.Release|Any CPU.ActiveCfg = Release|Any CPU
		{22353EF0-A365-4919-B11D-E02203BC8DF4}.Release|Any CPU.Build.0 = Release|Any CPU
	EndGlobalSection
	GlobalSection(SolutionProperties) = preSolution
		HideSolutionNode = FALSE
	EndGlobalSection
EndGlobal
