
Microsoft Visual Studio Solution File, Format Version 12.00
# Visual Studio 2013
VisualStudioVersion = 12.0.30110.0
MinimumVisualStudioVersion = 10.0.40219.1
Project("{FAE04EC0-301F-11D3-BF4B-00C04F79EFBC}") = "01.SevenLandNumbers", "SevenLandNumbers\01.SevenLandNumbers.csproj", "{28CB3ED4-F96E-4614-B67B-4EEE82CB65FB}"
EndProject
Project("{FAE04EC0-301F-11D3-BF4B-00C04F79EFBC}") = "02.A-Nacci", "A-Nacci\02.A-Nacci.csproj", "{82FDFF0E-7306-4A6C-8153-363DBBD47DA2}"
EndProject
Project("{FAE04EC0-301F-11D3-BF4B-00C04F79EFBC}") = "03.ExcelColumns", "ExcelColumns\03.ExcelColumns.csproj", "{7A8F6523-7DF2-4E44-9DFF-0642FDF6F0D6}"
EndProject
Global
	GlobalSection(SolutionConfigurationPlatforms) = preSolution
		Debug|Any CPU = Debug|Any CPU
		Release|Any CPU = Release|Any CPU
	EndGlobalSection
	GlobalSection(ProjectConfigurationPlatforms) = postSolution
		{28CB3ED4-F96E-4614-B67B-4EEE82CB65FB}.Debug|Any CPU.ActiveCfg = Debug|Any CPU
		{28CB3ED4-F96E-4614-B67B-4EEE82CB65FB}.Debug|Any CPU.Build.0 = Debug|Any CPU
		{28CB3ED4-F96E-4614-B67B-4EEE82CB65FB}.Release|Any CPU.ActiveCfg = Release|Any CPU
		{28CB3ED4-F96E-4614-B67B-4EEE82CB65FB}.Release|Any CPU.Build.0 = Release|Any CPU
		{82FDFF0E-7306-4A6C-8153-363DBBD47DA2}.Debug|Any CPU.ActiveCfg = Debug|Any CPU
		{82FDFF0E-7306-4A6C-8153-363DBBD47DA2}.Debug|Any CPU.Build.0 = Debug|Any CPU
		{82FDFF0E-7306-4A6C-8153-363DBBD47DA2}.Release|Any CPU.ActiveCfg = Release|Any CPU
		{82FDFF0E-7306-4A6C-8153-363DBBD47DA2}.Release|Any CPU.Build.0 = Release|Any CPU
		{7A8F6523-7DF2-4E44-9DFF-0642FDF6F0D6}.Debug|Any CPU.ActiveCfg = Debug|Any CPU
		{7A8F6523-7DF2-4E44-9DFF-0642FDF6F0D6}.Debug|Any CPU.Build.0 = Debug|Any CPU
		{7A8F6523-7DF2-4E44-9DFF-0642FDF6F0D6}.Release|Any CPU.ActiveCfg = Release|Any CPU
		{7A8F6523-7DF2-4E44-9DFF-0642FDF6F0D6}.Release|Any CPU.Build.0 = Release|Any CPU
	EndGlobalSection
	GlobalSection(SolutionProperties) = preSolution
		HideSolutionNode = FALSE
	EndGlobalSection
EndGlobal
